# THIS IS AN AUTOGENERATED FILE. DO NOT EDIT THIS FILE DIRECTLY.
# yarn lockfile v1


"@nodelib/fs.scandir@2.1.5":
  version "2.1.5"
  resolved "https://registry.yarnpkg.com/@nodelib/fs.scandir/-/fs.scandir-2.1.5.tgz#7619c2eb21b25483f6d167548b4cfd5a7488c3d5"
  integrity sha512-vq24Bq3ym5HEQm2NKCr3yXDwjc7vTsEThRDnkp2DK9p1uqLR+DHurm/NOTo0KG7HYHU7eppKZj3MyqYuMBf62g==
  dependencies:
    "@nodelib/fs.stat" "2.0.5"
    run-parallel "^1.1.9"

"@nodelib/fs.stat@2.0.5", "@nodelib/fs.stat@^2.0.2":
  version "2.0.5"
  resolved "https://registry.yarnpkg.com/@nodelib/fs.stat/-/fs.stat-2.0.5.tgz#5bd262af94e9d25bd1e71b05deed44876a222e8b"
  integrity sha512-RkhPPp2zrqDAQA/2jNhnztcPAlv64XdhIp7a7454A5ovI7Bukxgt7MX7udwAu3zg1DcpPU0rz3VV1SeaqvY4+A==

"@nodelib/fs.walk@^1.2.3":
  version "1.2.8"
  resolved "https://registry.yarnpkg.com/@nodelib/fs.walk/-/fs.walk-1.2.8.tgz#e95737e8bb6746ddedf69c556953494f196fe69a"
  integrity sha512-oGB+UxlgWcgQkgwo8GcEGwemoTFt3FIO9ababBmaGwXIoBKZ+GTy0pP185beGg7Llih/NSHSV2XAs1lnznocSg==
  dependencies:
    "@nodelib/fs.scandir" "2.1.5"
    fastq "^1.6.0"

"@swc/cli@^0.1.57":
  version "0.1.57"
  resolved "https://registry.yarnpkg.com/@swc/cli/-/cli-0.1.57.tgz#a9c424de5a217ec20a4b7c2c0e5c343980537e83"
  integrity sha512-HxM8TqYHhAg+zp7+RdTU69bnkl4MWdt1ygyp6BDIPjTiaJVH6Dizn2ezbgDS8mnFZI1FyhKvxU/bbaUs8XhzQg==
  dependencies:
    commander "^7.1.0"
    fast-glob "^3.2.5"
    slash "3.0.0"
    source-map "^0.7.3"

"@swc/core-android-arm-eabi@1.3.4":
  version "1.3.4"
  resolved "https://registry.yarnpkg.com/@swc/core-android-arm-eabi/-/core-android-arm-eabi-1.3.4.tgz#ce1a32c0107f599aebd55923473e0f7217918686"
  integrity sha512-aq+CAebSQMtdrIR4+v/JBfykK/daD+so2gPHm4wgLaTR+xwziQAsBBI5iq5sinhIg4FGnmljtO75QolcNLmpvw==
  dependencies:
    "@swc/wasm" "1.2.122"

"@swc/core-android-arm64@1.3.4":
  version "1.3.4"
  resolved "https://registry.yarnpkg.com/@swc/core-android-arm64/-/core-android-arm64-1.3.4.tgz#998697ef810e10848e4cc64834f37ee60dd738c0"
  integrity sha512-E5z6ribiEzDqrq5Kv5xOLdWcTzHWlzGuqDSxTQNz9GCC94qSVzXp5Df+egVEKE/4t7u2P6nO46BUKweYMb9TJg==
  dependencies:
    "@swc/wasm" "1.2.130"

"@swc/core-darwin-arm64@1.3.4":
  version "1.3.4"
  resolved "https://registry.yarnpkg.com/@swc/core-darwin-arm64/-/core-darwin-arm64-1.3.4.tgz#99974b7657348717ce685450ef4566af5fca5f6b"
  integrity sha512-JNBFQKtaUdsq0Sv6N29++Q6xrvZDn1bQ7pbMvr8t7kBNXaYCDmupbwPGT725MrGVs72N4qKee5Z0OIvmnLCQfw==

"@swc/core-darwin-x64@1.3.4":
  version "1.3.4"
  resolved "https://registry.yarnpkg.com/@swc/core-darwin-x64/-/core-darwin-x64-1.3.4.tgz#4742a7f83de9f6ba50801e9f6500b538856853ea"
  integrity sha512-A6KMZsUJ3j5TVxAizbv+UEjCNvMgWBm9jw4R3biaw8kbgu3XUWHdkiheXO+c2kjjjgwr1jhkHcLgRjffwpLYFA==

"@swc/core-freebsd-x64@1.3.4":
  version "1.3.4"
  resolved "https://registry.yarnpkg.com/@swc/core-freebsd-x64/-/core-freebsd-x64-1.3.4.tgz#b007e547470c709ec66c0187e01478736c7e3c4a"
  integrity sha512-C5FCXHebcHwPJtEhgRShumXvcdPO5Cqiwd7GDNBav1IZribs3+ZqrTkCaz2hY7gb5NvyFIxkJ5HhpS4Pxafhuw==
  dependencies:
    "@swc/wasm" "1.2.130"

"@swc/core-linux-arm-gnueabihf@1.3.4":
  version "1.3.4"
  resolved "https://registry.yarnpkg.com/@swc/core-linux-arm-gnueabihf/-/core-linux-arm-gnueabihf-1.3.4.tgz#f1224392d6a67e6e16865f762af1c18d0123f2ff"
  integrity sha512-vawHUhUcS//xNvGzL0zZ3vZ1YnsjgyvWQXB5PF4bhM5Y0/rmcrEdpkSId1qTfaMpcL7l2QSy9/DM7ucjlSpK6w==
  dependencies:
    "@swc/wasm" "1.2.130"

"@swc/core-linux-arm64-gnu@1.3.4":
  version "1.3.4"
  resolved "https://registry.yarnpkg.com/@swc/core-linux-arm64-gnu/-/core-linux-arm64-gnu-1.3.4.tgz#fa4326d7c42d5e5c34461cf0ae3b6c5e97aea3c1"
  integrity sha512-p60RoYaDS8zrqp/cGkcJryk9HobJvrL+Ox/iz8ivDrV4IS0LXvqW5/5YTSzLo93/+blvG/M0hdaokoMhWhDnwA==

"@swc/core-linux-arm64-musl@1.3.4":
  version "1.3.4"
  resolved "https://registry.yarnpkg.com/@swc/core-linux-arm64-musl/-/core-linux-arm64-musl-1.3.4.tgz#0b03ddf3d2e562dfea6faa6917cd87496a910925"
  integrity sha512-F9hW6g5l4YesJJH/JMznaLGdLeCV4FKq5MN5DaZfuB8qrCZGLmAasGgvSNbXh1oZnDu1PD2ZxMYivkf2n8/4OA==

"@swc/core-linux-x64-gnu@1.3.4":
  version "1.3.4"
  resolved "https://registry.yarnpkg.com/@swc/core-linux-x64-gnu/-/core-linux-x64-gnu-1.3.4.tgz#1cc63f9a86074cac7454796ccbe3836ac7f6451b"
  integrity sha512-rRqDtxktiVaxO8NQeEZSX0kNSFkI5Ft+4fZcFTbWhDO0vknC0+ZYbWpverfQ8yAwo7aA9jKWupwc3I7iZ1EQQQ==

"@swc/core-linux-x64-musl@1.3.4":
  version "1.3.4"
  resolved "https://registry.yarnpkg.com/@swc/core-linux-x64-musl/-/core-linux-x64-musl-1.3.4.tgz#f65abb7e149ad3f20ca98c933331aa98c190cd9f"
  integrity sha512-stVnU7KXQxSbh67UiIVxZsgjkRSXApPTEU3CYnwsdH7G+ynfO1WocSatzjIKpJfhcY2Nss8/33yDaOKZXVhbIA==

"@swc/core-win32-arm64-msvc@1.3.4":
  version "1.3.4"
  resolved "https://registry.yarnpkg.com/@swc/core-win32-arm64-msvc/-/core-win32-arm64-msvc-1.3.4.tgz#4bfca2e1c73bf8c6109ed734eb15eca6406b1ebd"
  integrity sha512-qc3UIdAQfLTA1mJsFkX3ISqJDU02qtcjUbnLI8sl6oedCAOFF66TcecJvwl4iO+BTO04+KoZc5rJovSTOb3eQA==
  dependencies:
    "@swc/wasm" "1.2.130"

"@swc/core-win32-ia32-msvc@1.3.4":
  version "1.3.4"
  resolved "https://registry.yarnpkg.com/@swc/core-win32-ia32-msvc/-/core-win32-ia32-msvc-1.3.4.tgz#df9c06ad65e80b19d26710a0d5951f29848a76ae"
  integrity sha512-FxuDGn60VrnYBcpH0CeR9+pCnPUaVvZ20CO6o/oNYHSfIhqPc76o3zFYYEFswYodExjCCYwsuPYgi+stvKZroA==
  dependencies:
    "@swc/wasm" "1.2.130"

"@swc/core-win32-x64-msvc@1.3.4":
  version "1.3.4"
  resolved "https://registry.yarnpkg.com/@swc/core-win32-x64-msvc/-/core-win32-x64-msvc-1.3.4.tgz#7bf6cd6f5c3197d7d807b273d12dd666e23b238e"
  integrity sha512-9/bSvgjV31u1G2slRFPgK85ohJdo8KtWJ0f4CPp2LdVtIJHbFGd0pWjnMfiPJeodSxSGGWrgUNQtajqIIsrbqA==

"@swc/core@^1.3.4":
  version "1.3.4"
  resolved "https://registry.yarnpkg.com/@swc/core/-/core-1.3.4.tgz#961183ede3a836b3aea7d755f07c4ae673c5a763"
  integrity sha512-W1AvQImfF2T+7dzWdg/GqFpcMJ24lyXGQ/kPKHL/FGPZbf0Q1ExD7wp3eQ2PQMgHTLe28qWonxicm2DPfprx3g==
  optionalDependencies:
    "@swc/core-android-arm-eabi" "1.3.4"
    "@swc/core-android-arm64" "1.3.4"
    "@swc/core-darwin-arm64" "1.3.4"
    "@swc/core-darwin-x64" "1.3.4"
    "@swc/core-freebsd-x64" "1.3.4"
    "@swc/core-linux-arm-gnueabihf" "1.3.4"
    "@swc/core-linux-arm64-gnu" "1.3.4"
    "@swc/core-linux-arm64-musl" "1.3.4"
    "@swc/core-linux-x64-gnu" "1.3.4"
    "@swc/core-linux-x64-musl" "1.3.4"
    "@swc/core-win32-arm64-msvc" "1.3.4"
    "@swc/core-win32-ia32-msvc" "1.3.4"
    "@swc/core-win32-x64-msvc" "1.3.4"

"@swc/wasm@1.2.122":
  version "1.2.122"
  resolved "https://registry.yarnpkg.com/@swc/wasm/-/wasm-1.2.122.tgz#87a5e654b26a71b2e84b801f41e45f823b856639"
  integrity sha512-sM1VCWQxmNhFtdxME+8UXNyPNhxNu7zdb6ikWpz0YKAQQFRGT5ThZgJrubEpah335SUToNg8pkdDF7ibVCjxbQ==

"@swc/wasm@1.2.130":
  version "1.2.130"
  resolved "https://registry.yarnpkg.com/@swc/wasm/-/wasm-1.2.130.tgz#88ac26433335d1f957162a9a92f1450b73c176a0"
  integrity sha512-rNcJsBxS70+pv8YUWwf5fRlWX6JoY/HJc25HD/F8m6Kv7XhJdqPPMhyX6TKkUBPAG7TWlZYoxa+rHAjPy4Cj3Q==

"@types/prop-types@*":
  version "15.7.5"
  resolved "https://registry.yarnpkg.com/@types/prop-types/-/prop-types-15.7.5.tgz#5f19d2b85a98e9558036f6a3cacc8819420f05cf"
  integrity sha512-JCB8C6SnDoQf0cNycqd/35A7MjcnK+ZTqE7judS6o7utxUCg6imJg3QK2qzHKszlTjcj2cn+NwMB2i96ubpj7w==

"@types/react@>=17":
  version "18.0.21"
  resolved "https://registry.yarnpkg.com/@types/react/-/react-18.0.21.tgz#b8209e9626bb00a34c76f55482697edd2b43cc67"
  integrity sha512-7QUCOxvFgnD5Jk8ZKlUAhVcRj7GuJRjnjjiY/IUBWKgOlnvDvTMLD4RTF7NPyVmbRhNrbomZiOepg7M/2Kj1mA==
  dependencies:
    "@types/prop-types" "*"
    "@types/scheduler" "*"
    csstype "^3.0.2"

"@types/scheduler@*":
  version "0.16.2"
  resolved "https://registry.yarnpkg.com/@types/scheduler/-/scheduler-0.16.2.tgz#1a62f89525723dde24ba1b01b092bf5df8ad4d39"
  integrity sha512-hppQEBDmlwhFAXKJX2KnWLYu5yMfi91yazPb2l+lbJiwW+wdo1gNeRA+3RgNSO39WYX2euey41KEwnqesU2Jew==

braces@^3.0.2:
  version "3.0.2"
  resolved "https://registry.yarnpkg.com/braces/-/braces-3.0.2.tgz#3454e1a462ee8d599e236df336cd9ea4f8afe107"
  integrity sha512-b8um+L1RzM3WDSzvhm6gIz1yfTbBt6YTlcEKAvsmqCZZFw46z626lVj9j1yEPW33H5H+lBQpZMP1k8l+78Ha0A==
  dependencies:
    fill-range "^7.0.1"

commander@^7.1.0:
  version "7.2.0"
  resolved "https://registry.yarnpkg.com/commander/-/commander-7.2.0.tgz#a36cb57d0b501ce108e4d20559a150a391d97ab7"
  integrity sha512-QrWXB+ZQSVPmIWIhtEO9H+gwHaMGYiF5ChvoJ+K9ZGHG/sVsa6yiesAD1GC/x46sET00Xlwo1u49RVVVzvcSkw==

csstype@^3.0.2:
  version "3.1.1"
  resolved "https://registry.yarnpkg.com/csstype/-/csstype-3.1.1.tgz#841b532c45c758ee546a11d5bd7b7b473c8c30b9"
  integrity sha512-DJR/VvkAvSZW9bTouZue2sSxDwdTN92uHjqeKVm+0dAqdfNykRzQ95tay8aXMBAAPpUiq4Qcug2L7neoRh2Egw==

fast-glob@^3.2.5:
  version "3.2.12"
  resolved "https://registry.yarnpkg.com/fast-glob/-/fast-glob-3.2.12.tgz#7f39ec99c2e6ab030337142da9e0c18f37afae80"
  integrity sha512-DVj4CQIYYow0BlaelwK1pHl5n5cRSJfM60UA0zK891sVInoPri2Ekj7+e1CT3/3qxXenpI+nBBmQAcJPJgaj4w==
  dependencies:
    "@nodelib/fs.stat" "^2.0.2"
    "@nodelib/fs.walk" "^1.2.3"
    glob-parent "^5.1.2"
    merge2 "^1.3.0"
    micromatch "^4.0.4"

fastq@^1.6.0:
  version "1.13.0"
  resolved "https://registry.yarnpkg.com/fastq/-/fastq-1.13.0.tgz#616760f88a7526bdfc596b7cab8c18938c36b98c"
  integrity sha512-YpkpUnK8od0o1hmeSc7UUs/eB/vIPWJYjKck2QKIzAf71Vm1AAQ3EbuZB3g2JIy+pg+ERD0vqI79KyZiB2e2Nw==
  dependencies:
    reusify "^1.0.4"

fill-range@^7.0.1:
  version "7.0.1"
  resolved "https://registry.yarnpkg.com/fill-range/-/fill-range-7.0.1.tgz#1919a6a7c75fe38b2c7c77e5198535da9acdda40"
  integrity sha512-qOo9F+dMUmC2Lcb4BbVvnKJxTPjCm+RRpe4gDuGrzkL7mEVl/djYSu2OdQ2Pa302N4oqkSg9ir6jaLWJ2USVpQ==
  dependencies:
    to-regex-range "^5.0.1"

glob-parent@^5.1.2:
  version "5.1.2"
  resolved "https://registry.yarnpkg.com/glob-parent/-/glob-parent-5.1.2.tgz#869832c58034fe68a4093c17dc15e8340d8401c4"
  integrity sha512-AOIgSQCepiJYwP3ARnGx+5VnTu2HBYdzbGP45eLw1vr3zB3vZLeyed1sC9hnbcOc9/SrMyM5RPQrkGz4aS9Zow==
  dependencies:
    is-glob "^4.0.1"

is-extglob@^2.1.1:
  version "2.1.1"
  resolved "https://registry.yarnpkg.com/is-extglob/-/is-extglob-2.1.1.tgz#a88c02535791f02ed37c76a1b9ea9773c833f8c2"
  integrity sha512-SbKbANkN603Vi4jEZv49LeVJMn4yGwsbzZworEoyEiutsN3nJYdbO36zfhGJ6QEDpOZIFkDtnq5JRxmvl3jsoQ==

is-glob@^4.0.1:
  version "4.0.3"
  resolved "https://registry.yarnpkg.com/is-glob/-/is-glob-4.0.3.tgz#64f61e42cbbb2eec2071a9dac0b28ba1e65d5084"
  integrity sha512-xelSayHH36ZgE7ZWhli7pW34hNbNl8Ojv5KVmkJD4hBdD3th8Tfk9vYasLM+mXWOZhFkgZfxhLSnrwRr4elSSg==
  dependencies:
    is-extglob "^2.1.1"

is-number@^7.0.0:
  version "7.0.0"
  resolved "https://registry.yarnpkg.com/is-number/-/is-number-7.0.0.tgz#7535345b896734d5f80c4d06c50955527a14f12b"
  integrity sha512-41Cifkg6e8TylSpdtTpeLVMqvSBEVzTttHvERD741+pnZ8ANv0004MRL43QKPDlK9cGvNp6NZWZUBlbGXYxxng==

"js-tokens@^3.0.0 || ^4.0.0":
  version "4.0.0"
  resolved "https://registry.yarnpkg.com/js-tokens/-/js-tokens-4.0.0.tgz#19203fb59991df98e3a287050d4647cdeaf32499"
  integrity sha512-RdJUflcE3cUzKiMqQgsCu06FPu9UdIJO0beYbPhHN4k6apgJtifcoCtT9bcxOpYBtpD2kCM6Sbzg4CausW/PKQ==

loose-envify@^1.1.0:
  version "1.4.0"
  resolved "https://registry.yarnpkg.com/loose-envify/-/loose-envify-1.4.0.tgz#71ee51fa7be4caec1a63839f7e682d8132d30caf"
  integrity sha512-lyuxPGr/Wfhrlem2CL/UcnUc1zcqKAImBDzukY7Y5F/yQiNdko6+fRLevlw1HgMySw7f611UIY408EtxRSoK3Q==
  dependencies:
    js-tokens "^3.0.0 || ^4.0.0"

merge2@^1.3.0:
  version "1.4.1"
  resolved "https://registry.yarnpkg.com/merge2/-/merge2-1.4.1.tgz#4368892f885e907455a6fd7dc55c0c9d404990ae"
  integrity sha512-8q7VEgMJW4J8tcfVPy8g09NcQwZdbwFEqhe/WZkoIzjn/3TGDwtOCYtXGxA3O8tPzpczCCDgv+P2P5y00ZJOOg==

micromatch@^4.0.4:
  version "4.0.5"
  resolved "https://registry.yarnpkg.com/micromatch/-/micromatch-4.0.5.tgz#bc8999a7cbbf77cdc89f132f6e467051b49090c6"
  integrity sha512-DMy+ERcEW2q8Z2Po+WNXuw3c5YaUSFjAO5GsJqfEl7UjvtIuFKO6ZrKvcItdy98dwFI2N1tg3zNIdKaQT+aNdA==
  dependencies:
    braces "^3.0.2"
    picomatch "^2.3.1"

picomatch@^2.3.1:
  version "2.3.1"
  resolved "https://registry.yarnpkg.com/picomatch/-/picomatch-2.3.1.tgz#3ba3833733646d9d3e4995946c1365a67fb07a42"
  integrity sha512-JU3teHTNjmE2VCGFzuY8EXzCDVwEqB2a8fsIvwaStHhAWJEeVd1o1QD80CU6+ZdEXXSLbSsuLwJjkCBWqRQUVA==

queue-microtask@^1.2.2:
  version "1.2.3"
  resolved "https://registry.yarnpkg.com/queue-microtask/-/queue-microtask-1.2.3.tgz#4929228bbc724dfac43e0efb058caf7b6cfb6243"
  integrity sha512-NuaNSa6flKT5JaSYQzJok04JzTL1CA6aGhv5rfLW3PgqA+M2ChpZQnAC8h8i4ZFkBS8X5RqkDBHA7r4hej3K9A==

react@>=17:
  version "18.2.0"
  resolved "https://registry.yarnpkg.com/react/-/react-18.2.0.tgz#555bd98592883255fa00de14f1151a917b5d77d5"
  integrity sha512-/3IjMdb2L9QbBdWiW5e3P2/npwMBaU9mHCSCUzNln0ZCYbcfTsGbTJrU/kGemdH2IWmB2ioZ+zkxtmq6g09fGQ==
  dependencies:
    loose-envify "^1.1.0"

reusify@^1.0.4:
  version "1.0.4"
  resolved "https://registry.yarnpkg.com/reusify/-/reusify-1.0.4.tgz#90da382b1e126efc02146e90845a88db12925d76"
  integrity sha512-U9nH88a3fc/ekCF1l0/UP1IosiuIjyTh7hBvXVMHYgVcfGvt897Xguj2UOLDeI5BG2m7/uwyaLVT6fbtCwTyzw==

run-parallel@^1.1.9:
  version "1.2.0"
  resolved "https://registry.yarnpkg.com/run-parallel/-/run-parallel-1.2.0.tgz#66d1368da7bdf921eb9d95bd1a9229e7f21a43ee"
  integrity sha512-5l4VyZR86LZ/lDxZTR6jqL8AFE2S0IFLMP26AbjsLVADxHdhB/c0GUsH+y39UfCi3dzz8OlQuPmnaJOMoDHQBA==
  dependencies:
    queue-microtask "^1.2.2"

slash@3.0.0:
  version "3.0.0"
  resolved "https://registry.yarnpkg.com/slash/-/slash-3.0.0.tgz#6539be870c165adbd5240220dbe361f1bc4d4634"
  integrity sha512-g9Q1haeby36OSStwb4ntCGGGaKsaVSjQ68fBxoQcutl5fS1vuY18H3wSt3jFyFtrkx+Kz0V1G85A4MyAdDMi2Q==

source-map@^0.7.3:
  version "0.7.4"
  resolved "https://registry.yarnpkg.com/source-map/-/source-map-0.7.4.tgz#a9bbe705c9d8846f4e08ff6765acf0f1b0898656"
  integrity sha512-l3BikUxvPOcn5E74dZiq5BGsTb5yEwhaTSzccU6t4sDOH8NWJCstKO5QT2CvtFoK6F0saL7p9xHAqHOlCPJygA==

to-regex-range@^5.0.1:
  version "5.0.1"
  resolved "https://registry.yarnpkg.com/to-regex-range/-/to-regex-range-5.0.1.tgz#1648c44aae7c8d988a326018ed72f5b4dd0392e4"
  integrity sha512-65P7iz6X5yEr1cwcgvQxbbIw7Uk3gOy5dIdtZ4rDveLqhrdJP+Li/Hx6tyK0NEb+2GCyneCMJiGqrADCSNk8sQ==
  dependencies:
    is-number "^7.0.0"

typescript@^4.8.4:
  version "4.8.4"
  resolved "https://registry.yarnpkg.com/typescript/-/typescript-4.8.4.tgz#c464abca159669597be5f96b8943500b238e60e6"
  integrity sha512-QCh+85mCy+h0IGff8r5XWzOVSbBO+KfeYrMQh7NJ58QujwcE22u+NUSmUxqF+un70P9GXKxa2HCNiTTMJknyjQ==
